// !$*UTF8*$!
{
	archiveVersion = 1;
	classes = {
	};
	objectVersion = 46;
	objects = {

/* Begin PBXBuildFile section */
		2618D7191E03BE9F004C72B2 /* main.cpp in Sources */ = {isa = PBXBuildFile; fileRef = 2618D7181E03BE9F004C72B2 /* main.cpp */; };
		265B36441E0515A700E75A4B /* WordCrawler.cpp in Sources */ = {isa = PBXBuildFile; fileRef = 265B36421E0515A700E75A4B /* WordCrawler.cpp */; };
/* End PBXBuildFile section */

/* Begin PBXCopyFilesBuildPhase section */
		2618D7131E03BE9F004C72B2 /* CopyFiles */ = {
			isa = PBXCopyFilesBuildPhase;
			buildActionMask = 2147483647;
			dstPath = /usr/share/man/man1/;
			dstSubfolderSpec = 0;
			files = (
			);
			runOnlyForDeploymentPostprocessing = 1;
		};
/* End PBXCopyFilesBuildPhase section */

/* Begin PBXFileReference section */
		2618D7151E03BE9F004C72B2 /* Word Crawler Redone */ = {isa = PBXFileReference; explicitFileType = "compiled.mach-o.executable"; includeInIndex = 0; path = "Word Crawler Redone"; sourceTree = BUILT_PRODUCTS_DIR; };
		2618D7181E03BE9F004C72B2 /* main.cpp */ = {isa = PBXFileReference; lastKnownFileType = sourcecode.cpp.cpp; path = main.cpp; sourceTree = "<group>"; };
		265B36421E0515A700E75A4B /* WordCrawler.cpp */ = {isa = PBXFileReference; fileEncoding = 4; lastKnownFileType = sourcecode.cpp.cpp; name = WordCrawler.cpp; path = ../WordCrawler.cpp; sourceTree = "<group>"; };
		265B36431E0515A700E75A4B /* WordCrawler.h */ = {isa = PBXFileReference; fileEncoding = 4; lastKnownFileType = sourcecode.c.h; name = WordCrawler.h; path = ../WordCrawler.h; sourceTree = "<group>"; };
/* End PBXFileReference section */

/* Begin PBXFrameworksBuildPhase section */
		2618D7121E03BE9F004C72B2 /* Frameworks */ = {
			isa = PBXFrameworksBuildPhase;
			buildActionMask = 2147483647;
			files = (
			);
			runOnlyForDeploymentPostprocessing = 0;
		};
/* End PBXFrameworksBuildPhase section */

/* Begin PBXGroup section */
		2618D70C1E03BE9F004C72B2 = {
			isa = PBXGroup;
			children = (
				2618D7171E03BE9F004C72B2 /* Word Crawler Redone */,
				2618D7161E03BE9F004C72B2 /* Products */,
			);
			sourceTree = "<group>";
		};
		2618D7161E03BE9F004C72B2 /* Products */ = {
			isa = PBXGroup;
			children = (
				2618D7151E03BE9F004C72B2 /* Word Crawler Redone */,
			);
			name = Products;
			sourceTree = "<group>";
		};
		2618D7171E03BE9F004C72B2 /* Word Crawler Redone */ = {
			isa = PBXGroup;
			children = (
				265B36421E0515A700E75A4B /* WordCrawler.cpp */,
				265B36431E0515A700E75A4B /* WordCrawler.h */,
				2618D7181E03BE9F004C72B2 /* main.cpp */,
			);
			path = "Word Crawler Redone";
			sourceTree = "<group>";
		};
/* End PBXGroup section */

/* Begin PBXNativeTarget section */
		2618D7141E03BE9F004C72B2 /* Word Crawler Redone */ = {
			isa = PBXNativeTarget;
			buildConfigurationList = 2618D71C1E03BE9F004C72B2 /* Build configuration list for PBXNativeTarget "Word Crawler Redone" */;
			buildPhases = (
				2618D7111E03BE9F004C72B2 /* Sources */,
				2618D7121E03BE9F004C72B2 /* Frameworks */,
				2618D7131E03BE9F004C72B2 /* CopyFiles */,
			);
			buildRules = (
			);
			dependencies = (
			);
			name = "Word Crawler Redone";
			productName = "Word Crawler Redone";
			productReference = 2618D7151E03BE9F004C72B2 /* Word Crawler Redone */;
			productType = "com.apple.product-type.tool";
		};
/* End PBXNativeTarget section */

/* Begin PBXProject section */
		2618D70D1E03BE9F004C72B2 /* Project object */ = {
			isa = PBXProject;
			attributes = {
				LastUpgradeCheck = 0820;
				ORGANIZATIONNAME = "Ethan Blank";
				TargetAttributes = {
					2618D7141E03BE9F004C72B2 = {
						CreatedOnToolsVersion = 8.2;
						ProvisioningStyle = Automatic;
					};
				};
			};
			buildConfigurationList = 2618D7101E03BE9F004C72B2 /* Build configuration list for PBXProject "Word Crawler Redone" */;
			compatibilityVersion = "Xcode 3.2";
			developmentRegion = English;
			hasScannedForEncodings = 0;
			knownRegions = (
				en,
			);
			mainGroup = 2618D70C1E03BE9F004C72B2;
			productRefGroup = 2618D7161E03BE9F004C72B2 /* Products */;
			projectDirPath = "";
			projectRoot = "";
			targets = (
				2618D7141E03BE9F004C72B2 /* Word Crawler Redone */,
			);
		};
/* End PBXProject section */

/* Begin PBXSourcesBuildPhase section */
		2618D7111E03BE9F004C72B2 /* Sources */ = {
			isa = PBXSourcesBuildPhase;
			buildActionMask = 2147483647;
			files = (
				265B36441E0515A700E75A4B /* WordCrawler.cpp in Sources */,
				2618D7191E03BE9F004C72B2 /* main.cpp in Sources */,
			);
			runOnlyForDeploymentPostprocessing = 0;
		};
/* End PBXSourcesBuildPhase section */

/* Begin XCBuildConfiguration section */
		2618D71A1E03BE9F004C72B2 /* Debug */ = {
			isa = XCBuildConfiguration;
			buildSettings = {
				ALWAYS_SEARCH_USER_PATHS = NO;
				CLANG_ANALYZER_NONNULL = YES;
				CLANG_CXX_LANGUAGE_STANDARD = "gnu++0x";
				CLANG_CXX_LIBRARY = "libc++";
				CLANG_ENABLE_MODULES = YES;
				CLANG_ENABLE_OBJC_ARC = YES;
				CLANG_WARN_BOOL_CONVERSION = YES;
				CLANG_WARN_CONSTANT_CONVERSION = YES;
				CLANG_WARN_DIRECT_OBJC_ISA_USAGE = YES_ERROR;
				CLANG_WARN_DOCUMENTATION_COMMENTS = YES;
				CLANG_WARN_EMPTY_BODY = YES;
				CLANG_WARN_ENUM_CONVERSION = YES;
				CLANG_WARN_INFINITE_RECURSION = YES;
				CLANG_WARN_INT_CONVERSION = YES;
				CLANG_WARN_OBJC_ROOT_CLASS = YES_ERROR;
				CLANG_WARN_SUSPICIOUS_MOVE = YES;
				CLANG_WARN_UNREACHABLE_CODE = YES;
				CLANG_WARN__DUPLICATE_METHOD_MATCH = YES;
				CODE_SIGN_IDENTITY = "-";
				COPY_PHASE_STRIP = NO;
				DEBUG_INFORMATION_FORMAT = dwarf;
				ENABLE_STRICT_OBJC_MSGSEND = YES;
				ENABLE_TESTABILITY = YES;
				GCC_C_LANGUAGE_STANDARD = gnu99;
				GCC_DYNAMIC_NO_PIC = NO;
				GCC_NO_COMMON_BLOCKS = YES;
				GCC_OPTIMIZATION_LEVEL = 0;
				GCC_PREPROCESSOR_DEFINITIONS = (
					"DEBUG=1",
					"$(inherited)",
				);
				GCC_WARN_64_TO_32_BIT_CONVERSION = YES;
				GCC_WARN_ABOUT_RETURN_TYPE = YES_ERROR;
				GCC_WARN_UNDECLARED_SELECTOR = YES;
				GCC_WARN_UNINITIALIZED_AUTOS = YES_AGGRESSIVE;
				GCC_WARN_UNUSED_FUNCTION = YES;
				GCC_WARN_UNUSED_VARIABLE = YES;
				MACOSX_DEPLOYMENT_TARGET = 10.12;
				MTL_ENABLE_DEBUG_INFO = YES;
				ONLY_ACTIVE_ARCH = YES;
				SDKROOT = macosx;
			};
			name = Debug;
		};
		2618D71B1E03BE9F004C72B2 /* Release */ = {
			isa = XCBuildConfiguration;
			buildSettings = {
				ALWAYS_SEARCH_USER_PATHS = NO;
				CLANG_ANALYZER_NONNULL = YES;
				CLANG_CXX_LANGUAGE_STANDARD = "gnu++0x";
				CLANG_CXX_LIBRARY = "libc++";
				CLANG_ENABLE_MODULES = YES;
				CLANG_ENABLE_OBJC_ARC = YES;
				CLANG_WARN_BOOL_CONVERSION = YES;
				CLANG_WARN_CONSTANT_CONVERSION = YES;
				CLANG_WARN_DIRECT_OBJC_ISA_USAGE = YES_ERROR;
				CLANG_WARN_DOCUMENTATION_COMMENTS = YES;
				CLANG_WARN_EMPTY_BODY = YES;
				CLANG_WARN_ENUM_CONVERSION = YES;
				CLANG_WARN_INFINITE_RECURSION = YES;
				CLANG_WARN_INT_CONVERSION = YES;
				CLANG_WARN_OBJC_ROOT_CLASS = YES_ERROR;
				CLANG_WARN_SUSPICIOUS_MOVE = YES;
				CLANG_WARN_UNREACHABLE_CODE = YES;
				CLANG_WARN__DUPLICATE_METHOD_MATCH = YES;
				CODE_SIGN_IDENTITY = "-";
				COPY_PHASE_STRIP = NO;
				DEBUG_INFORMATION_FORMAT = "dwarf-with-dsym";
				ENABLE_NS_ASSERTIONS = NO;
				ENABLE_STRICT_OBJC_MSGSEND = YES;
				GCC_C_LANGUAGE_STANDARD = gnu99;
				GCC_NO_COMMON_BLOCKS = YES;
				GCC_WARN_64_TO_32_BIT_CONVERSION = YES;
				GCC_WARN_ABOUT_RETURN_TYPE = YES_ERROR;
				GCC_WARN_UNDECLARED_SELECTOR = YES;
				GCC_WARN_UNINITIALIZED_AUTOS = YES_AGGRESSIVE;
				GCC_WARN_UNUSED_FUNCTION = YES;
				GCC_WARN_UNUSED_VARIABLE = YES;
				MACOSX_DEPLOYMENT_TARGET = 10.12;
				MTL_ENABLE_DEBUG_INFO = NO;
				SDKROOT = macosx;
			};
			name = Release;
		};
		2618D71D1E03BE9F004C72B2 /* Debug */ = {
			isa = XCBuildConfiguration;
			buildSettings = {
				PRODUCT_NAME = "$(TARGET_NAME)";
			};
			name = Debug;
		};
		2618D71E1E03BE9F004C72B2 /* Release */ = {
			isa = XCBuildConfiguration;
			buildSettings = {
				PRODUCT_NAME = "$(TARGET_NAME)";
			};
			name = Release;
		};
/* End XCBuildConfiguration section */

/* Begin XCConfigurationList section */
		2618D7101E03BE9F004C72B2 /* Build configuration list for PBXProject "Word Crawler Redone" */ = {
			isa = XCConfigurationList;
			buildConfigurations = (
				2618D71A1E03BE9F004C72B2 /* Debug */,
				2618D71B1E03BE9F004C72B2 /* Release */,
			);
			defaultConfigurationIsVisible = 0;
			defaultConfigurationName = Release;
		};
		2618D71C1E03BE9F004C72B2 /* Build configuration list for PBXNativeTarget "Word Crawler Redone" */ = {
			isa = XCConfigurationList;
			buildConfigurations = (
				2618D71D1E03BE9F004C72B2 /* Debug */,
				2618D71E1E03BE9F004C72B2 /* Release */,
			);
			defaultConfigurationIsVisible = 0;
			defaultConfigurationName = Release;
		};
/* End XCConfigurationList section */
	};
	rootObject = 2618D70D1E03BE9F004C72B2 /* Project object */;
}
