// !$*UTF8*$!
{
	archiveVersion = 1;
	classes = {
	};
	objectVersion = 46;
	objects = {

/* Begin PBXBuildFile section */
		2608ED201E0A351400C41BF8 /* main.cpp in Sources */ = {isa = PBXBuildFile; fileRef = 2608ED1F1E0A351400C41BF8 /* main.cpp */; };
		2608ED281E0A352500C41BF8 /* Point2D.cpp in Sources */ = {isa = PBXBuildFile; fileRef = 2608ED261E0A352500C41BF8 /* Point2D.cpp */; };
		2608ED2B1E0A461400C41BF8 /* Points.cpp in Sources */ = {isa = PBXBuildFile; fileRef = 2608ED291E0A461400C41BF8 /* Points.cpp */; };
/* End PBXBuildFile section */

/* Begin PBXCopyFilesBuildPhase section */
		2608ED1A1E0A351400C41BF8 /* CopyFiles */ = {
			isa = PBXCopyFilesBuildPhase;
			buildActionMask = 2147483647;
			dstPath = /usr/share/man/man1/;
			dstSubfolderSpec = 0;
			files = (
			);
			runOnlyForDeploymentPostprocessing = 1;
		};
/* End PBXCopyFilesBuildPhase section */

/* Begin PBXFileReference section */
		2608ED1C1E0A351400C41BF8 /* Point2D Redone */ = {isa = PBXFileReference; explicitFileType = "compiled.mach-o.executable"; includeInIndex = 0; path = "Point2D Redone"; sourceTree = BUILT_PRODUCTS_DIR; };
		2608ED1F1E0A351400C41BF8 /* main.cpp */ = {isa = PBXFileReference; lastKnownFileType = sourcecode.cpp.cpp; path = main.cpp; sourceTree = "<group>"; };
		2608ED261E0A352500C41BF8 /* Point2D.cpp */ = {isa = PBXFileReference; fileEncoding = 4; lastKnownFileType = sourcecode.cpp.cpp; path = Point2D.cpp; sourceTree = "<group>"; };
		2608ED271E0A352500C41BF8 /* Point2D.h */ = {isa = PBXFileReference; fileEncoding = 4; lastKnownFileType = sourcecode.c.h; path = Point2D.h; sourceTree = "<group>"; };
		2608ED291E0A461400C41BF8 /* Points.cpp */ = {isa = PBXFileReference; fileEncoding = 4; lastKnownFileType = sourcecode.cpp.cpp; path = Points.cpp; sourceTree = "<group>"; };
		2608ED2A1E0A461400C41BF8 /* Points.h */ = {isa = PBXFileReference; fileEncoding = 4; lastKnownFileType = sourcecode.c.h; path = Points.h; sourceTree = "<group>"; };
/* End PBXFileReference section */

/* Begin PBXFrameworksBuildPhase section */
		2608ED191E0A351400C41BF8 /* Frameworks */ = {
			isa = PBXFrameworksBuildPhase;
			buildActionMask = 2147483647;
			files = (
			);
			runOnlyForDeploymentPostprocessing = 0;
		};
/* End PBXFrameworksBuildPhase section */

/* Begin PBXGroup section */
		2608ED131E0A351400C41BF8 = {
			isa = PBXGroup;
			children = (
				2608ED1E1E0A351400C41BF8 /* Point2D Redone */,
				2608ED1D1E0A351400C41BF8 /* Products */,
			);
			sourceTree = "<group>";
		};
		2608ED1D1E0A351400C41BF8 /* Products */ = {
			isa = PBXGroup;
			children = (
				2608ED1C1E0A351400C41BF8 /* Point2D Redone */,
			);
			name = Products;
			sourceTree = "<group>";
		};
		2608ED1E1E0A351400C41BF8 /* Point2D Redone */ = {
			isa = PBXGroup;
			children = (
				2608ED1F1E0A351400C41BF8 /* main.cpp */,
				2608ED291E0A461400C41BF8 /* Points.cpp */,
				2608ED2A1E0A461400C41BF8 /* Points.h */,
				2608ED261E0A352500C41BF8 /* Point2D.cpp */,
				2608ED271E0A352500C41BF8 /* Point2D.h */,
			);
			path = "Point2D Redone";
			sourceTree = "<group>";
		};
/* End PBXGroup section */

/* Begin PBXNativeTarget section */
		2608ED1B1E0A351400C41BF8 /* Point2D Redone */ = {
			isa = PBXNativeTarget;
			buildConfigurationList = 2608ED231E0A351400C41BF8 /* Build configuration list for PBXNativeTarget "Point2D Redone" */;
			buildPhases = (
				2608ED181E0A351400C41BF8 /* Sources */,
				2608ED191E0A351400C41BF8 /* Frameworks */,
				2608ED1A1E0A351400C41BF8 /* CopyFiles */,
			);
			buildRules = (
			);
			dependencies = (
			);
			name = "Point2D Redone";
			productName = "Point2D Redone";
			productReference = 2608ED1C1E0A351400C41BF8 /* Point2D Redone */;
			productType = "com.apple.product-type.tool";
		};
/* End PBXNativeTarget section */

/* Begin PBXProject section */
		2608ED141E0A351400C41BF8 /* Project object */ = {
			isa = PBXProject;
			attributes = {
				LastUpgradeCheck = 0820;
				ORGANIZATIONNAME = "Ethan Blank";
				TargetAttributes = {
					2608ED1B1E0A351400C41BF8 = {
						CreatedOnToolsVersion = 8.2;
						ProvisioningStyle = Automatic;
					};
				};
			};
			buildConfigurationList = 2608ED171E0A351400C41BF8 /* Build configuration list for PBXProject "Point2D Redone" */;
			compatibilityVersion = "Xcode 3.2";
			developmentRegion = English;
			hasScannedForEncodings = 0;
			knownRegions = (
				en,
			);
			mainGroup = 2608ED131E0A351400C41BF8;
			productRefGroup = 2608ED1D1E0A351400C41BF8 /* Products */;
			projectDirPath = "";
			projectRoot = "";
			targets = (
				2608ED1B1E0A351400C41BF8 /* Point2D Redone */,
			);
		};
/* End PBXProject section */

/* Begin PBXSourcesBuildPhase section */
		2608ED181E0A351400C41BF8 /* Sources */ = {
			isa = PBXSourcesBuildPhase;
			buildActionMask = 2147483647;
			files = (
				2608ED2B1E0A461400C41BF8 /* Points.cpp in Sources */,
				2608ED281E0A352500C41BF8 /* Point2D.cpp in Sources */,
				2608ED201E0A351400C41BF8 /* main.cpp in Sources */,
			);
			runOnlyForDeploymentPostprocessing = 0;
		};
/* End PBXSourcesBuildPhase section */

/* Begin XCBuildConfiguration section */
		2608ED211E0A351400C41BF8 /* Debug */ = {
			isa = XCBuildConfiguration;
			buildSettings = {
				ALWAYS_SEARCH_USER_PATHS = NO;
				CLANG_ANALYZER_NONNULL = YES;
				CLANG_CXX_LANGUAGE_STANDARD = "gnu++0x";
				CLANG_CXX_LIBRARY = "libc++";
				CLANG_ENABLE_MODULES = YES;
				CLANG_ENABLE_OBJC_ARC = YES;
				CLANG_WARN_BOOL_CONVERSION = YES;
				CLANG_WARN_CONSTANT_CONVERSION = YES;
				CLANG_WARN_DIRECT_OBJC_ISA_USAGE = YES_ERROR;
				CLANG_WARN_DOCUMENTATION_COMMENTS = YES;
				CLANG_WARN_EMPTY_BODY = YES;
				CLANG_WARN_ENUM_CONVERSION = YES;
				CLANG_WARN_INFINITE_RECURSION = YES;
				CLANG_WARN_INT_CONVERSION = YES;
				CLANG_WARN_OBJC_ROOT_CLASS = YES_ERROR;
				CLANG_WARN_SUSPICIOUS_MOVE = YES;
				CLANG_WARN_UNREACHABLE_CODE = YES;
				CLANG_WARN__DUPLICATE_METHOD_MATCH = YES;
				CODE_SIGN_IDENTITY = "-";
				COPY_PHASE_STRIP = NO;
				DEBUG_INFORMATION_FORMAT = dwarf;
				ENABLE_STRICT_OBJC_MSGSEND = YES;
				ENABLE_TESTABILITY = YES;
				GCC_C_LANGUAGE_STANDARD = gnu99;
				GCC_DYNAMIC_NO_PIC = NO;
				GCC_NO_COMMON_BLOCKS = YES;
				GCC_OPTIMIZATION_LEVEL = 0;
				GCC_PREPROCESSOR_DEFINITIONS = (
					"DEBUG=1",
					"$(inherited)",
				);
				GCC_WARN_64_TO_32_BIT_CONVERSION = YES;
				GCC_WARN_ABOUT_RETURN_TYPE = YES_ERROR;
				GCC_WARN_UNDECLARED_SELECTOR = YES;
				GCC_WARN_UNINITIALIZED_AUTOS = YES_AGGRESSIVE;
				GCC_WARN_UNUSED_FUNCTION = YES;
				GCC_WARN_UNUSED_VARIABLE = YES;
				MACOSX_DEPLOYMENT_TARGET = 10.12;
				MTL_ENABLE_DEBUG_INFO = YES;
				ONLY_ACTIVE_ARCH = YES;
				SDKROOT = macosx;
			};
			name = Debug;
		};
		2608ED221E0A351400C41BF8 /* Release */ = {
			isa = XCBuildConfiguration;
			buildSettings = {
				ALWAYS_SEARCH_USER_PATHS = NO;
				CLANG_ANALYZER_NONNULL = YES;
				CLANG_CXX_LANGUAGE_STANDARD = "gnu++0x";
				CLANG_CXX_LIBRARY = "libc++";
				CLANG_ENABLE_MODULES = YES;
				CLANG_ENABLE_OBJC_ARC = YES;
				CLANG_WARN_BOOL_CONVERSION = YES;
				CLANG_WARN_CONSTANT_CONVERSION = YES;
				CLANG_WARN_DIRECT_OBJC_ISA_USAGE = YES_ERROR;
				CLANG_WARN_DOCUMENTATION_COMMENTS = YES;
				CLANG_WARN_EMPTY_BODY = YES;
				CLANG_WARN_ENUM_CONVERSION = YES;
				CLANG_WARN_INFINITE_RECURSION = YES;
				CLANG_WARN_INT_CONVERSION = YES;
				CLANG_WARN_OBJC_ROOT_CLASS = YES_ERROR;
				CLANG_WARN_SUSPICIOUS_MOVE = YES;
				CLANG_WARN_UNREACHABLE_CODE = YES;
				CLANG_WARN__DUPLICATE_METHOD_MATCH = YES;
				CODE_SIGN_IDENTITY = "-";
				COPY_PHASE_STRIP = NO;
				DEBUG_INFORMATION_FORMAT = "dwarf-with-dsym";
				ENABLE_NS_ASSERTIONS = NO;
				ENABLE_STRICT_OBJC_MSGSEND = YES;
				GCC_C_LANGUAGE_STANDARD = gnu99;
				GCC_NO_COMMON_BLOCKS = YES;
				GCC_WARN_64_TO_32_BIT_CONVERSION = YES;
				GCC_WARN_ABOUT_RETURN_TYPE = YES_ERROR;
				GCC_WARN_UNDECLARED_SELECTOR = YES;
				GCC_WARN_UNINITIALIZED_AUTOS = YES_AGGRESSIVE;
				GCC_WARN_UNUSED_FUNCTION = YES;
				GCC_WARN_UNUSED_VARIABLE = YES;
				MACOSX_DEPLOYMENT_TARGET = 10.12;
				MTL_ENABLE_DEBUG_INFO = NO;
				SDKROOT = macosx;
			};
			name = Release;
		};
		2608ED241E0A351400C41BF8 /* Debug */ = {
			isa = XCBuildConfiguration;
			buildSettings = {
				PRODUCT_NAME = "$(TARGET_NAME)";
			};
			name = Debug;
		};
		2608ED251E0A351400C41BF8 /* Release */ = {
			isa = XCBuildConfiguration;
			buildSettings = {
				PRODUCT_NAME = "$(TARGET_NAME)";
			};
			name = Release;
		};
/* End XCBuildConfiguration section */

/* Begin XCConfigurationList section */
		2608ED171E0A351400C41BF8 /* Build configuration list for PBXProject "Point2D Redone" */ = {
			isa = XCConfigurationList;
			buildConfigurations = (
				2608ED211E0A351400C41BF8 /* Debug */,
				2608ED221E0A351400C41BF8 /* Release */,
			);
			defaultConfigurationIsVisible = 0;
			defaultConfigurationName = Release;
		};
		2608ED231E0A351400C41BF8 /* Build configuration list for PBXNativeTarget "Point2D Redone" */ = {
			isa = XCConfigurationList;
			buildConfigurations = (
				2608ED241E0A351400C41BF8 /* Debug */,
				2608ED251E0A351400C41BF8 /* Release */,
			);
			defaultConfigurationIsVisible = 0;
		};
/* End XCConfigurationList section */
	};
	rootObject = 2608ED141E0A351400C41BF8 /* Project object */;
}
